{
  "name": "second_project",
  "version": "1.0.0",
  "lockfileVersion": 2,
  "requires": true,
  "packages": {
    "": {
      "name": "second_project",
      "version": "1.0.0",
      "license": "ISC",
      "dependencies": {
        "gl_b_23": "^2.0.0"
      }
    },
    "node_modules/gl_b_23": {
      "version": "2.0.0",
      "resolved": "https://registry.npmjs.org/gl_b_23/-/gl_b_23-2.0.0.tgz",
      "integrity": "sha512-IE6r2qudA4UuZIh7IIXi2KAx2jIk3SwTl+grZhHt6MqXkwPfhjgl2Mpz5dOBn9A/GK5ZArUbXGuf+Z4RgEKgdQ==",
      "dependencies": {
        "lodash": "^4.17.21"
      }
    },
    "node_modules/lodash": {
      "version": "4.17.21",
      "resolved": "https://registry.npmjs.org/lodash/-/lodash-4.17.21.tgz",
      "integrity": "sha512-v2kDEe57lecTulaDIuNTPy3Ry4gLGJ6Z1O3vE1krgXZNrsQ+LFTGHVxVjcXPs17LhbZVGedAJv8XZ1tvj5FvSg=="
    }
  },
  "dependencies": {
    "gl_b_23": {
      "version": "2.0.0",
      "resolved": "https://registry.npmjs.org/gl_b_23/-/gl_b_23-2.0.0.tgz",
      "integrity": "sha512-IE6r2qudA4UuZIh7IIXi2KAx2jIk3SwTl+grZhHt6MqXkwPfhjgl2Mpz5dOBn9A/GK5ZArUbXGuf+Z4RgEKgdQ==",
      "requires": {
        "lodash": "^4.17.21"
      }
    },
    "lodash": {
      "version": "4.17.21",
      "resolved": "https://registry.npmjs.org/lodash/-/lodash-4.17.21.tgz",
      "integrity": "sha512-v2kDEe57lecTulaDIuNTPy3Ry4gLGJ6Z1O3vE1krgXZNrsQ+LFTGHVxVjcXPs17LhbZVGedAJv8XZ1tvj5FvSg=="
    }
  }
}
